
Microsoft Visual Studio Solution File, Format Version 12.00
# Visual Studio Version 17
VisualStudioVersion = 17.13.35828.75
MinimumVisualStudioVersion = 10.0.40219.1
Project("{FAE04EC0-301F-11D3-BF4B-00C04F79EFBC}") = "BMS.InfraStructure", "BMS.InfraStructure\BMS.InfraStructure.csproj", "{97406DA6-F7D7-FDF5-D35B-ECCE9351BAB8}"
EndProject
Project("{FAE04EC0-301F-11D3-BF4B-00C04F79EFBC}") = "BMS.DTOs", "BMS.DTOs\BMS.DTOs.csproj", "{A6C45568-B626-F99F-EBBD-B7F56DE0E9D7}"
EndProject
Project("{FAE04EC0-301F-11D3-BF4B-00C04F79EFBC}") = "BMS.DAL", "BMS.DAL\BMS.DAL.csproj", "{66720B10-DA1F-E3CC-C9EC-85B6F523C017}"
EndProject
Project("{FAE04EC0-301F-11D3-BF4B-00C04F79EFBC}") = "BMS", "BMS.UI\BMS.csproj", "{035A07DD-FFDC-DFCF-1F46-85042F68C9D2}"
EndProject
Project("{FAE04EC0-301F-11D3-BF4B-00C04F79EFBC}") = "BMS.BAL", "BMS.BAL\BMS.BAL.csproj", "{B3A67610-D88D-C86A-5F12-C36C79172FDA}"
EndProject
Global
	GlobalSection(SolutionConfigurationPlatforms) = preSolution
		Debug|Any CPU = Debug|Any CPU
		Release|Any CPU = Release|Any CPU
	EndGlobalSection
	GlobalSection(ProjectConfigurationPlatforms) = postSolution
		{97406DA6-F7D7-FDF5-D35B-ECCE9351BAB8}.Debug|Any CPU.ActiveCfg = Debug|Any CPU
		{97406DA6-F7D7-FDF5-D35B-ECCE9351BAB8}.Debug|Any CPU.Build.0 = Debug|Any CPU
		{97406DA6-F7D7-FDF5-D35B-ECCE9351BAB8}.Release|Any CPU.ActiveCfg = Release|Any CPU
		{97406DA6-F7D7-FDF5-D35B-ECCE9351BAB8}.Release|Any CPU.Build.0 = Release|Any CPU
		{A6C45568-B626-F99F-EBBD-B7F56DE0E9D7}.Debug|Any CPU.ActiveCfg = Debug|Any CPU
		{A6C45568-B626-F99F-EBBD-B7F56DE0E9D7}.Debug|Any CPU.Build.0 = Debug|Any CPU
		{A6C45568-B626-F99F-EBBD-B7F56DE0E9D7}.Release|Any CPU.ActiveCfg = Release|Any CPU
		{A6C45568-B626-F99F-EBBD-B7F56DE0E9D7}.Release|Any CPU.Build.0 = Release|Any CPU
		{66720B10-DA1F-E3CC-C9EC-85B6F523C017}.Debug|Any CPU.ActiveCfg = Debug|Any CPU
		{66720B10-DA1F-E3CC-C9EC-85B6F523C017}.Debug|Any CPU.Build.0 = Debug|Any CPU
		{66720B10-DA1F-E3CC-C9EC-85B6F523C017}.Release|Any CPU.ActiveCfg = Release|Any CPU
		{66720B10-DA1F-E3CC-C9EC-85B6F523C017}.Release|Any CPU.Build.0 = Release|Any CPU
		{035A07DD-FFDC-DFCF-1F46-85042F68C9D2}.Debug|Any CPU.ActiveCfg = Debug|Any CPU
		{035A07DD-FFDC-DFCF-1F46-85042F68C9D2}.Debug|Any CPU.Build.0 = Debug|Any CPU
		{035A07DD-FFDC-DFCF-1F46-85042F68C9D2}.Release|Any CPU.ActiveCfg = Release|Any CPU
		{035A07DD-FFDC-DFCF-1F46-85042F68C9D2}.Release|Any CPU.Build.0 = Release|Any CPU
		{B3A67610-D88D-C86A-5F12-C36C79172FDA}.Debug|Any CPU.ActiveCfg = Debug|Any CPU
		{B3A67610-D88D-C86A-5F12-C36C79172FDA}.Debug|Any CPU.Build.0 = Debug|Any CPU
		{B3A67610-D88D-C86A-5F12-C36C79172FDA}.Release|Any CPU.ActiveCfg = Release|Any CPU
		{B3A67610-D88D-C86A-5F12-C36C79172FDA}.Release|Any CPU.Build.0 = Release|Any CPU
	EndGlobalSection
	GlobalSection(SolutionProperties) = preSolution
		HideSolutionNode = FALSE
	EndGlobalSection
	GlobalSection(ExtensibilityGlobals) = postSolution
		SolutionGuid = {CAD50D8D-A057-4154-BB64-C0FE5434A5A3}
	EndGlobalSection
EndGlobal
